
Microsoft Visual Studio Solution File, Format Version 12.00
# Visual Studio Version 16
VisualStudioVersion = 16.0.34902.97
MinimumVisualStudioVersion = 10.0.40219.1
Project("{FAE04EC0-301F-11D3-BF4B-00C04F79EFBC}") = "Assignment Program 21", "Assignment Program 21\Assignment Program 21.csproj", "{60652BC8-CE7D-4BD6-A53C-54AF4BBFB1E0}"
EndProject
Global
	GlobalSection(SolutionConfigurationPlatforms) = preSolution
		Debug|Any CPU = Debug|Any CPU
		Release|Any CPU = Release|Any CPU
	EndGlobalSection
	GlobalSection(ProjectConfigurationPlatforms) = postSolution
		{60652BC8-CE7D-4BD6-A53C-54AF4BBFB1E0}.Debug|Any CPU.ActiveCfg = Debug|Any CPU
		{60652BC8-CE7D-4BD6-A53C-54AF4BBFB1E0}.Debug|Any CPU.Build.0 = Debug|Any CPU
		{60652BC8-CE7D-4BD6-A53C-54AF4BBFB1E0}.Release|Any CPU.ActiveCfg = Release|Any CPU
		{60652BC8-CE7D-4BD6-A53C-54AF4BBFB1E0}.Release|Any CPU.Build.0 = Release|Any CPU
	EndGlobalSection
	GlobalSection(SolutionProperties) = preSolution
		HideSolutionNode = FALSE
	EndGlobalSection
	GlobalSection(ExtensibilityGlobals) = postSolution
		SolutionGuid = {EEE19060-98DE-4ABE-845B-FEDC0672BFDB}
	EndGlobalSection
EndGlobal
