
Microsoft Visual Studio Solution File, Format Version 12.00
# Visual Studio Version 16
VisualStudioVersion = 16.0.34902.97
MinimumVisualStudioVersion = 10.0.40219.1
Project("{FAE04EC0-301F-11D3-BF4B-00C04F79EFBC}") = "Assignment 16", "Assignment 16\Assignment 16.csproj", "{78EDAFBA-2908-43CF-B472-4280583CA824}"
EndProject
Global
	GlobalSection(SolutionConfigurationPlatforms) = preSolution
		Debug|Any CPU = Debug|Any CPU
		Release|Any CPU = Release|Any CPU
	EndGlobalSection
	GlobalSection(ProjectConfigurationPlatforms) = postSolution
		{78EDAFBA-2908-43CF-B472-4280583CA824}.Debug|Any CPU.ActiveCfg = Debug|Any CPU
		{78EDAFBA-2908-43CF-B472-4280583CA824}.Debug|Any CPU.Build.0 = Debug|Any CPU
		{78EDAFBA-2908-43CF-B472-4280583CA824}.Release|Any CPU.ActiveCfg = Release|Any CPU
		{78EDAFBA-2908-43CF-B472-4280583CA824}.Release|Any CPU.Build.0 = Release|Any CPU
	EndGlobalSection
	GlobalSection(SolutionProperties) = preSolution
		HideSolutionNode = FALSE
	EndGlobalSection
	GlobalSection(ExtensibilityGlobals) = postSolution
		SolutionGuid = {B91567F1-14A8-4CD4-A664-632A9732B6BC}
	EndGlobalSection
EndGlobal
