
Microsoft Visual Studio Solution File, Format Version 12.00
# Visual Studio Version 16
VisualStudioVersion = 16.0.34902.97
MinimumVisualStudioVersion = 10.0.40219.1
Project("{FAE04EC0-301F-11D3-BF4B-00C04F79EFBC}") = "Assignment Program 22", "Assignment Program 22\Assignment Program 22.csproj", "{D33198B1-EEAA-4A72-AA0D-3C13554260FB}"
EndProject
Global
	GlobalSection(SolutionConfigurationPlatforms) = preSolution
		Debug|Any CPU = Debug|Any CPU
		Release|Any CPU = Release|Any CPU
	EndGlobalSection
	GlobalSection(ProjectConfigurationPlatforms) = postSolution
		{D33198B1-EEAA-4A72-AA0D-3C13554260FB}.Debug|Any CPU.ActiveCfg = Debug|Any CPU
		{D33198B1-EEAA-4A72-AA0D-3C13554260FB}.Debug|Any CPU.Build.0 = Debug|Any CPU
		{D33198B1-EEAA-4A72-AA0D-3C13554260FB}.Release|Any CPU.ActiveCfg = Release|Any CPU
		{D33198B1-EEAA-4A72-AA0D-3C13554260FB}.Release|Any CPU.Build.0 = Release|Any CPU
	EndGlobalSection
	GlobalSection(SolutionProperties) = preSolution
		HideSolutionNode = FALSE
	EndGlobalSection
	GlobalSection(ExtensibilityGlobals) = postSolution
		SolutionGuid = {7FF9E802-0711-4FAF-9C22-45DE2BCD4E88}
	EndGlobalSection
EndGlobal
