
Microsoft Visual Studio Solution File, Format Version 12.00
# Visual Studio Version 16
VisualStudioVersion = 16.0.34902.97
MinimumVisualStudioVersion = 10.0.40219.1
Project("{FAE04EC0-301F-11D3-BF4B-00C04F79EFBC}") = "Training 6", "Training 6\Training 6.csproj", "{8398FC3E-73BB-43A9-BF07-4D22CDED840F}"
EndProject
Global
	GlobalSection(SolutionConfigurationPlatforms) = preSolution
		Debug|Any CPU = Debug|Any CPU
		Release|Any CPU = Release|Any CPU
	EndGlobalSection
	GlobalSection(ProjectConfigurationPlatforms) = postSolution
		{8398FC3E-73BB-43A9-BF07-4D22CDED840F}.Debug|Any CPU.ActiveCfg = Debug|Any CPU
		{8398FC3E-73BB-43A9-BF07-4D22CDED840F}.Debug|Any CPU.Build.0 = Debug|Any CPU
		{8398FC3E-73BB-43A9-BF07-4D22CDED840F}.Release|Any CPU.ActiveCfg = Release|Any CPU
		{8398FC3E-73BB-43A9-BF07-4D22CDED840F}.Release|Any CPU.Build.0 = Release|Any CPU
	EndGlobalSection
	GlobalSection(SolutionProperties) = preSolution
		HideSolutionNode = FALSE
	EndGlobalSection
	GlobalSection(ExtensibilityGlobals) = postSolution
		SolutionGuid = {11874A6F-1965-4C7C-9AB3-2790B4F1047E}
	EndGlobalSection
EndGlobal
