
Microsoft Visual Studio Solution File, Format Version 12.00
# Visual Studio Version 16
VisualStudioVersion = 16.0.34902.97
MinimumVisualStudioVersion = 10.0.40219.1
Project("{FAE04EC0-301F-11D3-BF4B-00C04F79EFBC}") = "Assignment Program 19", "Assignment Program 19\Assignment Program 19.csproj", "{CEC6C33D-225D-48EA-A56E-441F22046EE9}"
EndProject
Global
	GlobalSection(SolutionConfigurationPlatforms) = preSolution
		Debug|Any CPU = Debug|Any CPU
		Release|Any CPU = Release|Any CPU
	EndGlobalSection
	GlobalSection(ProjectConfigurationPlatforms) = postSolution
		{CEC6C33D-225D-48EA-A56E-441F22046EE9}.Debug|Any CPU.ActiveCfg = Debug|Any CPU
		{CEC6C33D-225D-48EA-A56E-441F22046EE9}.Debug|Any CPU.Build.0 = Debug|Any CPU
		{CEC6C33D-225D-48EA-A56E-441F22046EE9}.Release|Any CPU.ActiveCfg = Release|Any CPU
		{CEC6C33D-225D-48EA-A56E-441F22046EE9}.Release|Any CPU.Build.0 = Release|Any CPU
	EndGlobalSection
	GlobalSection(SolutionProperties) = preSolution
		HideSolutionNode = FALSE
	EndGlobalSection
	GlobalSection(ExtensibilityGlobals) = postSolution
		SolutionGuid = {D9327BC8-2538-403D-8CF6-2C2C5468F6E9}
	EndGlobalSection
EndGlobal
